// !$*UTF8*$!
{
	archiveVersion = 1;
	classes = {
	};
	objectVersion = 50;
	objects = {

/* Begin PBXBuildFile section */
		0AEA7CAF2693DC9D00231AED /* AppDelegate.swift in Sources */ = {isa = PBXBuildFile; fileRef = 0AEA7CAE2693DC9D00231AED /* AppDelegate.swift */; };
		0AEA7CB12693DC9D00231AED /* SceneDelegate.swift in Sources */ = {isa = PBXBuildFile; fileRef = 0AEA7CB02693DC9D00231AED /* SceneDelegate.swift */; };
		0AEA7CB32693DC9D00231AED /* ViewController.swift in Sources */ = {isa = PBXBuildFile; fileRef = 0AEA7CB22693DC9D00231AED /* ViewController.swift */; };
		0AEA7CB62693DC9D00231AED /* Main.storyboard in Resources */ = {isa = PBXBuildFile; fileRef = 0AEA7CB42693DC9D00231AED /* Main.storyboard */; };
		0AEA7CB82693DC9D00231AED /* Assets.xcassets in Resources */ = {isa = PBXBuildFile; fileRef = 0AEA7CB72693DC9D00231AED /* Assets.xcassets */; };
		0AEA7CBB2693DC9D00231AED /* LaunchScreen.storyboard in Resources */ = {isa = PBXBuildFile; fileRef = 0AEA7CB92693DC9D00231AED /* LaunchScreen.storyboard */; };
		0AEA7CC62693DD8300231AED /* LoginViewController.swift in Sources */ = {isa = PBXBuildFile; fileRef = 0AEA7CC52693DD8300231AED /* LoginViewController.swift */; };
		0AEA7CCA2693DEA500231AED /* Session.swift in Sources */ = {isa = PBXBuildFile; fileRef = 0AEA7CC92693DEA500231AED /* Session.swift */; };
		0AEA7CCF2693DEEA00231AED /* NetworkRequests.swift in Sources */ = {isa = PBXBuildFile; fileRef = 0AEA7CCE2693DEEA00231AED /* NetworkRequests.swift */; };
		0AEA7CD22693DF1100231AED /* RealmService.swift in Sources */ = {isa = PBXBuildFile; fileRef = 0AEA7CD12693DF1100231AED /* RealmService.swift */; };
		0AEA7CD62693DF4E00231AED /* K.swift in Sources */ = {isa = PBXBuildFile; fileRef = 0AEA7CD52693DF4E00231AED /* K.swift */; };
		0AEA7CDB2693DF8200231AED /* VkPhotos.swift in Sources */ = {isa = PBXBuildFile; fileRef = 0AEA7CDA2693DF8200231AED /* VkPhotos.swift */; };
		0AEA7CDF2693DFC100231AED /* Friend.swift in Sources */ = {isa = PBXBuildFile; fileRef = 0AEA7CDE2693DFC100231AED /* Friend.swift */; };
		0AEA7CE22693DFE000231AED /* Groups.swift in Sources */ = {isa = PBXBuildFile; fileRef = 0AEA7CE12693DFE000231AED /* Groups.swift */; };
		0AEA7CE52693DFFB00231AED /* SearchGroups.swift in Sources */ = {isa = PBXBuildFile; fileRef = 0AEA7CE42693DFFB00231AED /* SearchGroups.swift */; };
		0AEA7CE92693E10F00231AED /* UserAvatarImg.swift in Sources */ = {isa = PBXBuildFile; fileRef = 0AEA7CE82693E10F00231AED /* UserAvatarImg.swift */; };
		0AEA7CEC2693E13000231AED /* CollectionImg.swift in Sources */ = {isa = PBXBuildFile; fileRef = 0AEA7CEB2693E13000231AED /* CollectionImg.swift */; };
		0AEA7CEF2693E17600231AED /* FriendsTableViewController.swift in Sources */ = {isa = PBXBuildFile; fileRef = 0AEA7CEE2693E17600231AED /* FriendsTableViewController.swift */; };
		0AEA7CF22693E2B200231AED /* GroupsTableViewController.swift in Sources */ = {isa = PBXBuildFile; fileRef = 0AEA7CF12693E2B200231AED /* GroupsTableViewController.swift */; };
		0AEA7CF52693E2D500231AED /* NewsTableViewController.swift in Sources */ = {isa = PBXBuildFile; fileRef = 0AEA7CF42693E2D500231AED /* NewsTableViewController.swift */; };
		0AEA7CF82693E36200231AED /* PhotoCollectionViewController.swift in Sources */ = {isa = PBXBuildFile; fileRef = 0AEA7CF72693E36200231AED /* PhotoCollectionViewController.swift */; };
		0AEA7CFB2693E4B500231AED /* PhotoViewController.swift in Sources */ = {isa = PBXBuildFile; fileRef = 0AEA7CFA2693E4B500231AED /* PhotoViewController.swift */; };
/* End PBXBuildFile section */

/* Begin PBXFileReference section */
		0AEA7CAB2693DC9D00231AED /* VKapp.app */ = {isa = PBXFileReference; explicitFileType = wrapper.application; includeInIndex = 0; path = VKapp.app; sourceTree = BUILT_PRODUCTS_DIR; };
		0AEA7CAE2693DC9D00231AED /* AppDelegate.swift */ = {isa = PBXFileReference; lastKnownFileType = sourcecode.swift; path = AppDelegate.swift; sourceTree = "<group>"; };
		0AEA7CB02693DC9D00231AED /* SceneDelegate.swift */ = {isa = PBXFileReference; lastKnownFileType = sourcecode.swift; path = SceneDelegate.swift; sourceTree = "<group>"; };
		0AEA7CB22693DC9D00231AED /* ViewController.swift */ = {isa = PBXFileReference; lastKnownFileType = sourcecode.swift; path = ViewController.swift; sourceTree = "<group>"; };
		0AEA7CB52693DC9D00231AED /* Base */ = {isa = PBXFileReference; lastKnownFileType = file.storyboard; name = Base; path = Base.lproj/Main.storyboard; sourceTree = "<group>"; };
		0AEA7CB72693DC9D00231AED /* Assets.xcassets */ = {isa = PBXFileReference; lastKnownFileType = folder.assetcatalog; path = Assets.xcassets; sourceTree = "<group>"; };
		0AEA7CBA2693DC9D00231AED /* Base */ = {isa = PBXFileReference; lastKnownFileType = file.storyboard; name = Base; path = Base.lproj/LaunchScreen.storyboard; sourceTree = "<group>"; };
		0AEA7CBC2693DC9D00231AED /* Info.plist */ = {isa = PBXFileReference; lastKnownFileType = text.plist.xml; path = Info.plist; sourceTree = "<group>"; };
		0AEA7CC52693DD8300231AED /* LoginViewController.swift */ = {isa = PBXFileReference; lastKnownFileType = sourcecode.swift; path = LoginViewController.swift; sourceTree = "<group>"; };
		0AEA7CC92693DEA500231AED /* Session.swift */ = {isa = PBXFileReference; lastKnownFileType = sourcecode.swift; path = Session.swift; sourceTree = "<group>"; };
		0AEA7CCE2693DEEA00231AED /* NetworkRequests.swift */ = {isa = PBXFileReference; lastKnownFileType = sourcecode.swift; path = NetworkRequests.swift; sourceTree = "<group>"; };
		0AEA7CD12693DF1100231AED /* RealmService.swift */ = {isa = PBXFileReference; lastKnownFileType = sourcecode.swift; path = RealmService.swift; sourceTree = "<group>"; };
		0AEA7CD52693DF4E00231AED /* K.swift */ = {isa = PBXFileReference; lastKnownFileType = sourcecode.swift; path = K.swift; sourceTree = "<group>"; };
		0AEA7CDA2693DF8200231AED /* VkPhotos.swift */ = {isa = PBXFileReference; lastKnownFileType = sourcecode.swift; path = VkPhotos.swift; sourceTree = "<group>"; };
		0AEA7CDE2693DFC100231AED /* Friend.swift */ = {isa = PBXFileReference; lastKnownFileType = sourcecode.swift; path = Friend.swift; sourceTree = "<group>"; };
		0AEA7CE12693DFE000231AED /* Groups.swift */ = {isa = PBXFileReference; lastKnownFileType = sourcecode.swift; path = Groups.swift; sourceTree = "<group>"; };
		0AEA7CE42693DFFB00231AED /* SearchGroups.swift */ = {isa = PBXFileReference; lastKnownFileType = sourcecode.swift; path = SearchGroups.swift; sourceTree = "<group>"; };
		0AEA7CE82693E10F00231AED /* UserAvatarImg.swift */ = {isa = PBXFileReference; lastKnownFileType = sourcecode.swift; path = UserAvatarImg.swift; sourceTree = "<group>"; };
		0AEA7CEB2693E13000231AED /* CollectionImg.swift */ = {isa = PBXFileReference; lastKnownFileType = sourcecode.swift; path = CollectionImg.swift; sourceTree = "<group>"; };
		0AEA7CEE2693E17600231AED /* FriendsTableViewController.swift */ = {isa = PBXFileReference; lastKnownFileType = sourcecode.swift; path = FriendsTableViewController.swift; sourceTree = "<group>"; };
		0AEA7CF12693E2B200231AED /* GroupsTableViewController.swift */ = {isa = PBXFileReference; lastKnownFileType = sourcecode.swift; path = GroupsTableViewController.swift; sourceTree = "<group>"; };
		0AEA7CF42693E2D500231AED /* NewsTableViewController.swift */ = {isa = PBXFileReference; lastKnownFileType = sourcecode.swift; path = NewsTableViewController.swift; sourceTree = "<group>"; };
		0AEA7CF72693E36200231AED /* PhotoCollectionViewController.swift */ = {isa = PBXFileReference; lastKnownFileType = sourcecode.swift; path = PhotoCollectionViewController.swift; sourceTree = "<group>"; };
		0AEA7CFA2693E4B500231AED /* PhotoViewController.swift */ = {isa = PBXFileReference; lastKnownFileType = sourcecode.swift; path = PhotoViewController.swift; sourceTree = "<group>"; };
/* End PBXFileReference section */

/* Begin PBXFrameworksBuildPhase section */
		0AEA7CA82693DC9D00231AED /* Frameworks */ = {
			isa = PBXFrameworksBuildPhase;
			buildActionMask = 2147483647;
			files = (
			);
			runOnlyForDeploymentPostprocessing = 0;
		};
/* End PBXFrameworksBuildPhase section */

/* Begin PBXGroup section */
		0AEA7CA22693DC9D00231AED = {
			isa = PBXGroup;
			children = (
				0AEA7CAD2693DC9D00231AED /* VKapp */,
				0AEA7CAC2693DC9D00231AED /* Products */,
			);
			sourceTree = "<group>";
		};
		0AEA7CAC2693DC9D00231AED /* Products */ = {
			isa = PBXGroup;
			children = (
				0AEA7CAB2693DC9D00231AED /* VKapp.app */,
			);
			name = Products;
			sourceTree = "<group>";
		};
		0AEA7CAD2693DC9D00231AED /* VKapp */ = {
			isa = PBXGroup;
			children = (
				0AEA7CE72693E0F600231AED /* Graphic */,
				0AEA7CDD2693DFA800231AED /* RealmModels */,
				0AEA7CD92693DF6900231AED /* VkModels */,
				0AEA7CD42693DF3200231AED /* Constants */,
				0AEA7CCD2693DEC600231AED /* Services */,
				0AEA7CC82693DE8900231AED /* Singlton */,
				0AEA7CC32693DD5600231AED /* Controllers */,
				0AEA7CAE2693DC9D00231AED /* AppDelegate.swift */,
				0AEA7CB02693DC9D00231AED /* SceneDelegate.swift */,
				0AEA7CB22693DC9D00231AED /* ViewController.swift */,
				0AEA7CB42693DC9D00231AED /* Main.storyboard */,
				0AEA7CB72693DC9D00231AED /* Assets.xcassets */,
				0AEA7CB92693DC9D00231AED /* LaunchScreen.storyboard */,
				0AEA7CBC2693DC9D00231AED /* Info.plist */,
			);
			path = VKapp;
			sourceTree = "<group>";
		};
		0AEA7CC32693DD5600231AED /* Controllers */ = {
			isa = PBXGroup;
			children = (
				0AEA7CC52693DD8300231AED /* LoginViewController.swift */,
				0AEA7CEE2693E17600231AED /* FriendsTableViewController.swift */,
				0AEA7CF12693E2B200231AED /* GroupsTableViewController.swift */,
				0AEA7CF42693E2D500231AED /* NewsTableViewController.swift */,
				0AEA7CF72693E36200231AED /* PhotoCollectionViewController.swift */,
				0AEA7CFA2693E4B500231AED /* PhotoViewController.swift */,
			);
			path = Controllers;
			sourceTree = "<group>";
		};
		0AEA7CC82693DE8900231AED /* Singlton */ = {
			isa = PBXGroup;
			children = (
				0AEA7CC92693DEA500231AED /* Session.swift */,
			);
			path = Singlton;
			sourceTree = "<group>";
		};
		0AEA7CCD2693DEC600231AED /* Services */ = {
			isa = PBXGroup;
			children = (
				0AEA7CCE2693DEEA00231AED /* NetworkRequests.swift */,
				0AEA7CD12693DF1100231AED /* RealmService.swift */,
			);
			path = Services;
			sourceTree = "<group>";
		};
		0AEA7CD42693DF3200231AED /* Constants */ = {
			isa = PBXGroup;
			children = (
				0AEA7CD52693DF4E00231AED /* K.swift */,
			);
			path = Constants;
			sourceTree = "<group>";
		};
		0AEA7CD92693DF6900231AED /* VkModels */ = {
			isa = PBXGroup;
			children = (
				0AEA7CDA2693DF8200231AED /* VkPhotos.swift */,
			);
			path = VkModels;
			sourceTree = "<group>";
		};
		0AEA7CDD2693DFA800231AED /* RealmModels */ = {
			isa = PBXGroup;
			children = (
				0AEA7CDE2693DFC100231AED /* Friend.swift */,
				0AEA7CE12693DFE000231AED /* Groups.swift */,
				0AEA7CE42693DFFB00231AED /* SearchGroups.swift */,
			);
			path = RealmModels;
			sourceTree = "<group>";
		};
		0AEA7CE72693E0F600231AED /* Graphic */ = {
			isa = PBXGroup;
			children = (
				0AEA7CE82693E10F00231AED /* UserAvatarImg.swift */,
				0AEA7CEB2693E13000231AED /* CollectionImg.swift */,
			);
			path = Graphic;
			sourceTree = "<group>";
		};
/* End PBXGroup section */

/* Begin PBXNativeTarget section */
		0AEA7CAA2693DC9D00231AED /* VKapp */ = {
			isa = PBXNativeTarget;
			buildConfigurationList = 0AEA7CBF2693DC9D00231AED /* Build configuration list for PBXNativeTarget "VKapp" */;
			buildPhases = (
				0AEA7CA72693DC9D00231AED /* Sources */,
				0AEA7CA82693DC9D00231AED /* Frameworks */,
				0AEA7CA92693DC9D00231AED /* Resources */,
			);
			buildRules = (
			);
			dependencies = (
			);
			name = VKapp;
			productName = VKapp;
			productReference = 0AEA7CAB2693DC9D00231AED /* VKapp.app */;
			productType = "com.apple.product-type.application";
		};
/* End PBXNativeTarget section */

/* Begin PBXProject section */
		0AEA7CA32693DC9D00231AED /* Project object */ = {
			isa = PBXProject;
			attributes = {
				LastSwiftUpdateCheck = 1240;
				LastUpgradeCheck = 1240;
				TargetAttributes = {
					0AEA7CAA2693DC9D00231AED = {
						CreatedOnToolsVersion = 12.4;
					};
				};
			};
			buildConfigurationList = 0AEA7CA62693DC9D00231AED /* Build configuration list for PBXProject "VKapp" */;
			compatibilityVersion = "Xcode 9.3";
			developmentRegion = en;
			hasScannedForEncodings = 0;
			knownRegions = (
				en,
				Base,
			);
			mainGroup = 0AEA7CA22693DC9D00231AED;
			productRefGroup = 0AEA7CAC2693DC9D00231AED /* Products */;
			projectDirPath = "";
			projectRoot = "";
			targets = (
				0AEA7CAA2693DC9D00231AED /* VKapp */,
			);
		};
/* End PBXProject section */

/* Begin PBXResourcesBuildPhase section */
		0AEA7CA92693DC9D00231AED /* Resources */ = {
			isa = PBXResourcesBuildPhase;
			buildActionMask = 2147483647;
			files = (
				0AEA7CBB2693DC9D00231AED /* LaunchScreen.storyboard in Resources */,
				0AEA7CB82693DC9D00231AED /* Assets.xcassets in Resources */,
				0AEA7CB62693DC9D00231AED /* Main.storyboard in Resources */,
			);
			runOnlyForDeploymentPostprocessing = 0;
		};
/* End PBXResourcesBuildPhase section */

/* Begin PBXSourcesBuildPhase section */
		0AEA7CA72693DC9D00231AED /* Sources */ = {
			isa = PBXSourcesBuildPhase;
			buildActionMask = 2147483647;
			files = (
				0AEA7CCA2693DEA500231AED /* Session.swift in Sources */,
				0AEA7CF22693E2B200231AED /* GroupsTableViewController.swift in Sources */,
				0AEA7CDB2693DF8200231AED /* VkPhotos.swift in Sources */,
				0AEA7CF52693E2D500231AED /* NewsTableViewController.swift in Sources */,
				0AEA7CE22693DFE000231AED /* Groups.swift in Sources */,
				0AEA7CC62693DD8300231AED /* LoginViewController.swift in Sources */,
				0AEA7CD22693DF1100231AED /* RealmService.swift in Sources */,
				0AEA7CCF2693DEEA00231AED /* NetworkRequests.swift in Sources */,
				0AEA7CE92693E10F00231AED /* UserAvatarImg.swift in Sources */,
				0AEA7CB32693DC9D00231AED /* ViewController.swift in Sources */,
				0AEA7CD62693DF4E00231AED /* K.swift in Sources */,
				0AEA7CEC2693E13000231AED /* CollectionImg.swift in Sources */,
				0AEA7CDF2693DFC100231AED /* Friend.swift in Sources */,
				0AEA7CF82693E36200231AED /* PhotoCollectionViewController.swift in Sources */,
				0AEA7CAF2693DC9D00231AED /* AppDelegate.swift in Sources */,
				0AEA7CB12693DC9D00231AED /* SceneDelegate.swift in Sources */,
				0AEA7CE52693DFFB00231AED /* SearchGroups.swift in Sources */,
				0AEA7CFB2693E4B500231AED /* PhotoViewController.swift in Sources */,
				0AEA7CEF2693E17600231AED /* FriendsTableViewController.swift in Sources */,
			);
			runOnlyForDeploymentPostprocessing = 0;
		};
/* End PBXSourcesBuildPhase section */

/* Begin PBXVariantGroup section */
		0AEA7CB42693DC9D00231AED /* Main.storyboard */ = {
			isa = PBXVariantGroup;
			children = (
				0AEA7CB52693DC9D00231AED /* Base */,
			);
			name = Main.storyboard;
			sourceTree = "<group>";
		};
		0AEA7CB92693DC9D00231AED /* LaunchScreen.storyboard */ = {
			isa = PBXVariantGroup;
			children = (
				0AEA7CBA2693DC9D00231AED /* Base */,
			);
			name = LaunchScreen.storyboard;
			sourceTree = "<group>";
		};
/* End PBXVariantGroup section */

/* Begin XCBuildConfiguration section */
		0AEA7CBD2693DC9D00231AED /* Debug */ = {
			isa = XCBuildConfiguration;
			buildSettings = {
				ALWAYS_SEARCH_USER_PATHS = NO;
				CLANG_ANALYZER_NONNULL = YES;
				CLANG_ANALYZER_NUMBER_OBJECT_CONVERSION = YES_AGGRESSIVE;
				CLANG_CXX_LANGUAGE_STANDARD = "gnu++14";
				CLANG_CXX_LIBRARY = "libc++";
				CLANG_ENABLE_MODULES = YES;
				CLANG_ENABLE_OBJC_ARC = YES;
				CLANG_ENABLE_OBJC_WEAK = YES;
				CLANG_WARN_BLOCK_CAPTURE_AUTORELEASING = YES;
				CLANG_WARN_BOOL_CONVERSION = YES;
				CLANG_WARN_COMMA = YES;
				CLANG_WARN_CONSTANT_CONVERSION = YES;
				CLANG_WARN_DEPRECATED_OBJC_IMPLEMENTATIONS = YES;
				CLANG_WARN_DIRECT_OBJC_ISA_USAGE = YES_ERROR;
				CLANG_WARN_DOCUMENTATION_COMMENTS = YES;
				CLANG_WARN_EMPTY_BODY = YES;
				CLANG_WARN_ENUM_CONVERSION = YES;
				CLANG_WARN_INFINITE_RECURSION = YES;
				CLANG_WARN_INT_CONVERSION = YES;
				CLANG_WARN_NON_LITERAL_NULL_CONVERSION = YES;
				CLANG_WARN_OBJC_IMPLICIT_RETAIN_SELF = YES;
				CLANG_WARN_OBJC_LITERAL_CONVERSION = YES;
				CLANG_WARN_OBJC_ROOT_CLASS = YES_ERROR;
				CLANG_WARN_QUOTED_INCLUDE_IN_FRAMEWORK_HEADER = YES;
				CLANG_WARN_RANGE_LOOP_ANALYSIS = YES;
				CLANG_WARN_STRICT_PROTOTYPES = YES;
				CLANG_WARN_SUSPICIOUS_MOVE = YES;
				CLANG_WARN_UNGUARDED_AVAILABILITY = YES_AGGRESSIVE;
				CLANG_WARN_UNREACHABLE_CODE = YES;
				CLANG_WARN__DUPLICATE_METHOD_MATCH = YES;
				COPY_PHASE_STRIP = NO;
				DEBUG_INFORMATION_FORMAT = dwarf;
				ENABLE_STRICT_OBJC_MSGSEND = YES;
				ENABLE_TESTABILITY = YES;
				GCC_C_LANGUAGE_STANDARD = gnu11;
				GCC_DYNAMIC_NO_PIC = NO;
				GCC_NO_COMMON_BLOCKS = YES;
				GCC_OPTIMIZATION_LEVEL = 0;
				GCC_PREPROCESSOR_DEFINITIONS = (
					"DEBUG=1",
					"$(inherited)",
				);
				GCC_WARN_64_TO_32_BIT_CONVERSION = YES;
				GCC_WARN_ABOUT_RETURN_TYPE = YES_ERROR;
				GCC_WARN_UNDECLARED_SELECTOR = YES;
				GCC_WARN_UNINITIALIZED_AUTOS = YES_AGGRESSIVE;
				GCC_WARN_UNUSED_FUNCTION = YES;
				GCC_WARN_UNUSED_VARIABLE = YES;
				IPHONEOS_DEPLOYMENT_TARGET = 14.4;
				MTL_ENABLE_DEBUG_INFO = INCLUDE_SOURCE;
				MTL_FAST_MATH = YES;
				ONLY_ACTIVE_ARCH = YES;
				SDKROOT = iphoneos;
				SWIFT_ACTIVE_COMPILATION_CONDITIONS = DEBUG;
				SWIFT_OPTIMIZATION_LEVEL = "-Onone";
			};
			name = Debug;
		};
		0AEA7CBE2693DC9D00231AED /* Release */ = {
			isa = XCBuildConfiguration;
			buildSettings = {
				ALWAYS_SEARCH_USER_PATHS = NO;
				CLANG_ANALYZER_NONNULL = YES;
				CLANG_ANALYZER_NUMBER_OBJECT_CONVERSION = YES_AGGRESSIVE;
				CLANG_CXX_LANGUAGE_STANDARD = "gnu++14";
				CLANG_CXX_LIBRARY = "libc++";
				CLANG_ENABLE_MODULES = YES;
				CLANG_ENABLE_OBJC_ARC = YES;
				CLANG_ENABLE_OBJC_WEAK = YES;
				CLANG_WARN_BLOCK_CAPTURE_AUTORELEASING = YES;
				CLANG_WARN_BOOL_CONVERSION = YES;
				CLANG_WARN_COMMA = YES;
				CLANG_WARN_CONSTANT_CONVERSION = YES;
				CLANG_WARN_DEPRECATED_OBJC_IMPLEMENTATIONS = YES;
				CLANG_WARN_DIRECT_OBJC_ISA_USAGE = YES_ERROR;
				CLANG_WARN_DOCUMENTATION_COMMENTS = YES;
				CLANG_WARN_EMPTY_BODY = YES;
				CLANG_WARN_ENUM_CONVERSION = YES;
				CLANG_WARN_INFINITE_RECURSION = YES;
				CLANG_WARN_INT_CONVERSION = YES;
				CLANG_WARN_NON_LITERAL_NULL_CONVERSION = YES;
				CLANG_WARN_OBJC_IMPLICIT_RETAIN_SELF = YES;
				CLANG_WARN_OBJC_LITERAL_CONVERSION = YES;
				CLANG_WARN_OBJC_ROOT_CLASS = YES_ERROR;
				CLANG_WARN_QUOTED_INCLUDE_IN_FRAMEWORK_HEADER = YES;
				CLANG_WARN_RANGE_LOOP_ANALYSIS = YES;
				CLANG_WARN_STRICT_PROTOTYPES = YES;
				CLANG_WARN_SUSPICIOUS_MOVE = YES;
				CLANG_WARN_UNGUARDED_AVAILABILITY = YES_AGGRESSIVE;
				CLANG_WARN_UNREACHABLE_CODE = YES;
				CLANG_WARN__DUPLICATE_METHOD_MATCH = YES;
				COPY_PHASE_STRIP = NO;
				DEBUG_INFORMATION_FORMAT = "dwarf-with-dsym";
				ENABLE_NS_ASSERTIONS = NO;
				ENABLE_STRICT_OBJC_MSGSEND = YES;
				GCC_C_LANGUAGE_STANDARD = gnu11;
				GCC_NO_COMMON_BLOCKS = YES;
				GCC_WARN_64_TO_32_BIT_CONVERSION = YES;
				GCC_WARN_ABOUT_RETURN_TYPE = YES_ERROR;
				GCC_WARN_UNDECLARED_SELECTOR = YES;
				GCC_WARN_UNINITIALIZED_AUTOS = YES_AGGRESSIVE;
				GCC_WARN_UNUSED_FUNCTION = YES;
				GCC_WARN_UNUSED_VARIABLE = YES;
				IPHONEOS_DEPLOYMENT_TARGET = 14.4;
				MTL_ENABLE_DEBUG_INFO = NO;
				MTL_FAST_MATH = YES;
				SDKROOT = iphoneos;
				SWIFT_COMPILATION_MODE = wholemodule;
				SWIFT_OPTIMIZATION_LEVEL = "-O";
				VALIDATE_PRODUCT = YES;
			};
			name = Release;
		};
		0AEA7CC02693DC9D00231AED /* Debug */ = {
			isa = XCBuildConfiguration;
			buildSettings = {
				ASSETCATALOG_COMPILER_APPICON_NAME = AppIcon;
				ASSETCATALOG_COMPILER_GLOBAL_ACCENT_COLOR_NAME = AccentColor;
				CODE_SIGN_STYLE = Automatic;
				DEVELOPMENT_TEAM = ZHUTRQ83V7;
				INFOPLIST_FILE = VKapp/Info.plist;
				LD_RUNPATH_SEARCH_PATHS = (
					"$(inherited)",
					"@executable_path/Frameworks",
				);
				PRODUCT_BUNDLE_IDENTIFIER = com.VKapp.kgbCat.VKapp;
				PRODUCT_NAME = "$(TARGET_NAME)";
				SWIFT_VERSION = 5.0;
				TARGETED_DEVICE_FAMILY = "1,2";
			};
			name = Debug;
		};
		0AEA7CC12693DC9D00231AED /* Release */ = {
			isa = XCBuildConfiguration;
			buildSettings = {
				ASSETCATALOG_COMPILER_APPICON_NAME = AppIcon;
				ASSETCATALOG_COMPILER_GLOBAL_ACCENT_COLOR_NAME = AccentColor;
				CODE_SIGN_STYLE = Automatic;
				DEVELOPMENT_TEAM = ZHUTRQ83V7;
				INFOPLIST_FILE = VKapp/Info.plist;
				LD_RUNPATH_SEARCH_PATHS = (
					"$(inherited)",
					"@executable_path/Frameworks",
				);
				PRODUCT_BUNDLE_IDENTIFIER = com.VKapp.kgbCat.VKapp;
				PRODUCT_NAME = "$(TARGET_NAME)";
				SWIFT_VERSION = 5.0;
				TARGETED_DEVICE_FAMILY = "1,2";
			};
			name = Release;
		};
/* End XCBuildConfiguration section */

/* Begin XCConfigurationList section */
		0AEA7CA62693DC9D00231AED /* Build configuration list for PBXProject "VKapp" */ = {
			isa = XCConfigurationList;
			buildConfigurations = (
				0AEA7CBD2693DC9D00231AED /* Debug */,
				0AEA7CBE2693DC9D00231AED /* Release */,
			);
			defaultConfigurationIsVisible = 0;
			defaultConfigurationName = Release;
		};
		0AEA7CBF2693DC9D00231AED /* Build configuration list for PBXNativeTarget "VKapp" */ = {
			isa = XCConfigurationList;
			buildConfigurations = (
				0AEA7CC02693DC9D00231AED /* Debug */,
				0AEA7CC12693DC9D00231AED /* Release */,
			);
			defaultConfigurationIsVisible = 0;
			defaultConfigurationName = Release;
		};
/* End XCConfigurationList section */
	};
	rootObject = 0AEA7CA32693DC9D00231AED /* Project object */;
}
